
Microsoft Visual Studio Solution File, Format Version 12.00
Project("{FAE04EC0-301F-11D3-BF4B-00C04F79EFBC}") = "AutomationLab", "AutomationLab.csproj", "{8BFE1A86-EC47-4657-A074-EBC3B153F38A}"
EndProject
Global
	GlobalSection(SolutionConfigurationPlatforms) = preSolution
		Debug|Any CPU = Debug|Any CPU
		Release|Any CPU = Release|Any CPU
	EndGlobalSection
	GlobalSection(ProjectConfigurationPlatforms) = postSolution
		{8BFE1A86-EC47-4657-A074-EBC3B153F38A}.Debug|Any CPU.ActiveCfg = Debug|Any CPU
		{8BFE1A86-EC47-4657-A074-EBC3B153F38A}.Debug|Any CPU.Build.0 = Debug|Any CPU
		{8BFE1A86-EC47-4657-A074-EBC3B153F38A}.Release|Any CPU.ActiveCfg = Release|Any CPU
		{8BFE1A86-EC47-4657-A074-EBC3B153F38A}.Release|Any CPU.Build.0 = Release|Any CPU
	EndGlobalSection
EndGlobal
